Microsoft Visual Studio Solution File, Format Version 12.00
# Visual Studio Version 17
VisualStudioVersion = 17.0.31612.314
MinimumVisualStudioVersion = 10.0.40219.1
Project("{9A19103F-16F7-4668-BE54-9A1E7A4F7556}") = "MovementPatcher", "MovementPatcher\MovementPatcher.csproj", "{8BA2E1B7-DD65-42B6-A780-17E4037A3C1B}"
EndProject
Project("{9A19103F-16F7-4668-BE54-9A1E7A4F7556}") = "Standalone", "Standalone\Standalone.csproj", "{C45D1BCC-D359-42BB-9205-7BE83AED6755}"
EndProject
Global
	GlobalSection(SolutionConfigurationPlatforms) = preSolution
		Debug|Any CPU = Debug|Any CPU
		Release|Any CPU = Release|Any CPU
	EndGlobalSection
	GlobalSection(ProjectConfigurationPlatforms) = postSolution
		{8BA2E1B7-DD65-42B6-A780-17E4037A3C1B}.Debug|Any CPU.ActiveCfg = Debug|Any CPU
		{8BA2E1B7-DD65-42B6-A780-17E4037A3C1B}.Debug|Any CPU.Build.0 = Debug|Any CPU
		{8BA2E1B7-DD65-42B6-A780-17E4037A3C1B}.Release|Any CPU.ActiveCfg = Release|Any CPU
		{8BA2E1B7-DD65-42B6-A780-17E4037A3C1B}.Release|Any CPU.Build.0 = Release|Any CPU
		{C45D1BCC-D359-42BB-9205-7BE83AED6755}.Debug|Any CPU.ActiveCfg = Debug|Any CPU
		{C45D1BCC-D359-42BB-9205-7BE83AED6755}.Debug|Any CPU.Build.0 = Debug|Any CPU
		{C45D1BCC-D359-42BB-9205-7BE83AED6755}.Release|Any CPU.ActiveCfg = Release|Any CPU
		{C45D1BCC-D359-42BB-9205-7BE83AED6755}.Release|Any CPU.Build.0 = Release|Any CPU
	EndGlobalSection
	GlobalSection(SolutionProperties) = preSolution
		HideSolutionNode = FALSE
	EndGlobalSection
	GlobalSection(ExtensibilityGlobals) = postSolution
		SolutionGuid = {37E405A7-1817-4872-B8C6-52A2DF978200}
	EndGlobalSection
EndGlobal
